
Microsoft Visual Studio Solution File, Format Version 12.00
# Visual Studio Version 17
VisualStudioVersion = 17.5.33627.172
MinimumVisualStudioVersion = 10.0.40219.1
Project("{9A19103F-16F7-4668-BE54-9A1E7A4F7556}") = "Tiker.Models", "Tiker.Models\Tiker.Models.csproj", "{24251858-457E-4F6F-82FB-5C4347A0FE69}"
EndProject
Project("{9A19103F-16F7-4668-BE54-9A1E7A4F7556}") = "Tiker.Repository", "Tiker.Repository\Tiker.Repository.csproj", "{D365D44A-FDA8-488F-929A-D630AF964398}"
EndProject
Project("{9A19103F-16F7-4668-BE54-9A1E7A4F7556}") = "Tiker.ViewModels", "Tiker.ViewModels\Tiker.ViewModels.csproj", "{6F1D8039-FD12-41C3-B2CD-3000329F87BA}"
EndProject
Project("{FAE04EC0-301F-11D3-BF4B-00C04F79EFBC}") = "Tiker.Repository.EntityFramework", "Tiker.Repository.EntityFramework\Tiker.Repository.EntityFramework.csproj", "{11BA02CF-01DE-4D2C-8985-D05A302132B5}"
EndProject
Project("{FAE04EC0-301F-11D3-BF4B-00C04F79EFBC}") = "Tiker.Blazor", "Tiker.Blazor\Tiker.Blazor.csproj", "{7F28015A-A2B8-4FA1-B08A-920DB63DE4C2}"
EndProject
Global
	GlobalSection(SolutionConfigurationPlatforms) = preSolution
		Debug|Any CPU = Debug|Any CPU
		Release|Any CPU = Release|Any CPU
	EndGlobalSection
	GlobalSection(ProjectConfigurationPlatforms) = postSolution
		{24251858-457E-4F6F-82FB-5C4347A0FE69}.Debug|Any CPU.ActiveCfg = Debug|Any CPU
		{24251858-457E-4F6F-82FB-5C4347A0FE69}.Debug|Any CPU.Build.0 = Debug|Any CPU
		{24251858-457E-4F6F-82FB-5C4347A0FE69}.Release|Any CPU.ActiveCfg = Release|Any CPU
		{24251858-457E-4F6F-82FB-5C4347A0FE69}.Release|Any CPU.Build.0 = Release|Any CPU
		{D365D44A-FDA8-488F-929A-D630AF964398}.Debug|Any CPU.ActiveCfg = Debug|Any CPU
		{D365D44A-FDA8-488F-929A-D630AF964398}.Debug|Any CPU.Build.0 = Debug|Any CPU
		{D365D44A-FDA8-488F-929A-D630AF964398}.Release|Any CPU.ActiveCfg = Release|Any CPU
		{D365D44A-FDA8-488F-929A-D630AF964398}.Release|Any CPU.Build.0 = Release|Any CPU
		{6F1D8039-FD12-41C3-B2CD-3000329F87BA}.Debug|Any CPU.ActiveCfg = Debug|Any CPU
		{6F1D8039-FD12-41C3-B2CD-3000329F87BA}.Debug|Any CPU.Build.0 = Debug|Any CPU
		{6F1D8039-FD12-41C3-B2CD-3000329F87BA}.Release|Any CPU.ActiveCfg = Release|Any CPU
		{6F1D8039-FD12-41C3-B2CD-3000329F87BA}.Release|Any CPU.Build.0 = Release|Any CPU
		{11BA02CF-01DE-4D2C-8985-D05A302132B5}.Debug|Any CPU.ActiveCfg = Debug|Any CPU
		{11BA02CF-01DE-4D2C-8985-D05A302132B5}.Debug|Any CPU.Build.0 = Debug|Any CPU
		{11BA02CF-01DE-4D2C-8985-D05A302132B5}.Release|Any CPU.ActiveCfg = Release|Any CPU
		{11BA02CF-01DE-4D2C-8985-D05A302132B5}.Release|Any CPU.Build.0 = Release|Any CPU
		{7F28015A-A2B8-4FA1-B08A-920DB63DE4C2}.Debug|Any CPU.ActiveCfg = Debug|Any CPU
		{7F28015A-A2B8-4FA1-B08A-920DB63DE4C2}.Debug|Any CPU.Build.0 = Debug|Any CPU
		{7F28015A-A2B8-4FA1-B08A-920DB63DE4C2}.Release|Any CPU.ActiveCfg = Release|Any CPU
		{7F28015A-A2B8-4FA1-B08A-920DB63DE4C2}.Release|Any CPU.Build.0 = Release|Any CPU
	EndGlobalSection
	GlobalSection(SolutionProperties) = preSolution
		HideSolutionNode = FALSE
	EndGlobalSection
	GlobalSection(ExtensibilityGlobals) = postSolution
		SolutionGuid = {B4AE0F1E-883F-4661-B6F1-28BEC3957029}
	EndGlobalSection
EndGlobal
